
Microsoft Visual Studio Solution File, Format Version 12.00
# Visual Studio 15
VisualStudioVersion = 15.0.28307.329
MinimumVisualStudioVersion = 10.0.40219.1
Project("{FAE04EC0-301F-11D3-BF4B-00C04F79EFBC}") = "Task4", "Task4\Task4.csproj", "{9435FA2E-339B-48AD-A974-5EAE8D4DB8F4}"
EndProject
Global
	GlobalSection(SolutionConfigurationPlatforms) = preSolution
		Debug|Any CPU = Debug|Any CPU
		Release|Any CPU = Release|Any CPU
	EndGlobalSection
	GlobalSection(ProjectConfigurationPlatforms) = postSolution
		{9435FA2E-339B-48AD-A974-5EAE8D4DB8F4}.Debug|Any CPU.ActiveCfg = Debug|Any CPU
		{9435FA2E-339B-48AD-A974-5EAE8D4DB8F4}.Debug|Any CPU.Build.0 = Debug|Any CPU
		{9435FA2E-339B-48AD-A974-5EAE8D4DB8F4}.Release|Any CPU.ActiveCfg = Release|Any CPU
		{9435FA2E-339B-48AD-A974-5EAE8D4DB8F4}.Release|Any CPU.Build.0 = Release|Any CPU
	EndGlobalSection
	GlobalSection(SolutionProperties) = preSolution
		HideSolutionNode = FALSE
	EndGlobalSection
	GlobalSection(ExtensibilityGlobals) = postSolution
		SolutionGuid = {CE9582D6-1350-4762-9758-AA711CF01A2C}
	EndGlobalSection
EndGlobal
